
Microsoft Visual Studio Solution File, Format Version 12.00
# Visual Studio Version 17
VisualStudioVersion = 17.14.37516.0 d17.14
MinimumVisualStudioVersion = 10.0.40219.1
Project("{FAE04EC0-301F-11D3-BF4B-00C04F79EFBC}") = "TallerView", "TallerView\TallerView.csproj", "{5E57B31E-E868-4C0E-A3BC-28EC4E0FB777}"
EndProject
Project("{FAE04EC0-301F-11D3-BF4B-00C04F79EFBC}") = "TallerController", "TallerController\TallerController.csproj", "{65A6D09D-ED8E-455E-A0C8-A1A73A9EF82C}"
EndProject
Project("{FAE04EC0-301F-11D3-BF4B-00C04F79EFBC}") = "TallerModel", "TallerModel\TallerModel.csproj", "{8CB76768-8EBA-4DE4-98E6-C5CB2911BEE6}"
EndProject
Global
	GlobalSection(SolutionConfigurationPlatforms) = preSolution
		Debug|Any CPU = Debug|Any CPU
		Release|Any CPU = Release|Any CPU
	EndGlobalSection
	GlobalSection(ProjectConfigurationPlatforms) = postSolution
		{5E57B31E-E868-4C0E-A3BC-28EC4E0FB777}.Debug|Any CPU.ActiveCfg = Debug|Any CPU
		{5E57B31E-E868-4C0E-A3BC-28EC4E0FB777}.Debug|Any CPU.Build.0 = Debug|Any CPU
		{5E57B31E-E868-4C0E-A3BC-28EC4E0FB777}.Release|Any CPU.ActiveCfg = Release|Any CPU
		{5E57B31E-E868-4C0E-A3BC-28EC4E0FB777}.Release|Any CPU.Build.0 = Release|Any CPU
		{65A6D09D-ED8E-455E-A0C8-A1A73A9EF82C}.Debug|Any CPU.ActiveCfg = Debug|Any CPU
		{65A6D09D-ED8E-455E-A0C8-A1A73A9EF82C}.Debug|Any CPU.Build.0 = Debug|Any CPU
		{65A6D09D-ED8E-455E-A0C8-A1A73A9EF82C}.Release|Any CPU.ActiveCfg = Release|Any CPU
		{65A6D09D-ED8E-455E-A0C8-A1A73A9EF82C}.Release|Any CPU.Build.0 = Release|Any CPU
		{8CB76768-8EBA-4DE4-98E6-C5CB2911BEE6}.Debug|Any CPU.ActiveCfg = Debug|Any CPU
		{8CB76768-8EBA-4DE4-98E6-C5CB2911BEE6}.Debug|Any CPU.Build.0 = Debug|Any CPU
		{8CB76768-8EBA-4DE4-98E6-C5CB2911BEE6}.Release|Any CPU.ActiveCfg = Release|Any CPU
		{8CB76768-8EBA-4DE4-98E6-C5CB2911BEE6}.Release|Any CPU.Build.0 = Release|Any CPU
	EndGlobalSection
	GlobalSection(SolutionProperties) = preSolution
		HideSolutionNode = FALSE
	EndGlobalSection
	GlobalSection(ExtensibilityGlobals) = postSolution
		SolutionGuid = {527C15C1-9326-4466-B49E-6031B6CB5824}
	EndGlobalSection
EndGlobal
