
Microsoft Visual Studio Solution File, Format Version 12.00
# Visual Studio Version 17
VisualStudioVersion = 17.14.37516.0 d17.14
MinimumVisualStudioVersion = 10.0.40219.1
Project("{FAE04EC0-301F-11D3-BF4B-00C04F79EFBC}") = "Ejecucion_Taller_MVC_2026_0901232128", "Ejecucion_Taller_MVC_2026_0901232128\Ejecucion_Taller_MVC_2026_0901232128.csproj", "{D557F0DE-53E5-4580-BBCD-28AA9C1AE4AB}"
EndProject
Global
	GlobalSection(SolutionConfigurationPlatforms) = preSolution
		Debug|Any CPU = Debug|Any CPU
		Release|Any CPU = Release|Any CPU
	EndGlobalSection
	GlobalSection(ProjectConfigurationPlatforms) = postSolution
		{D557F0DE-53E5-4580-BBCD-28AA9C1AE4AB}.Debug|Any CPU.ActiveCfg = Debug|Any CPU
		{D557F0DE-53E5-4580-BBCD-28AA9C1AE4AB}.Debug|Any CPU.Build.0 = Debug|Any CPU
		{D557F0DE-53E5-4580-BBCD-28AA9C1AE4AB}.Release|Any CPU.ActiveCfg = Release|Any CPU
		{D557F0DE-53E5-4580-BBCD-28AA9C1AE4AB}.Release|Any CPU.Build.0 = Release|Any CPU
	EndGlobalSection
	GlobalSection(SolutionProperties) = preSolution
		HideSolutionNode = FALSE
	EndGlobalSection
	GlobalSection(ExtensibilityGlobals) = postSolution
		SolutionGuid = {E9076CBD-5893-4D25-B23A-27CE0B946D08}
	EndGlobalSection
EndGlobal
